
Microsoft Visual Studio Solution File, Format Version 12.00
# Visual Studio 15
VisualStudioVersion = 15.0.28307.421
MinimumVisualStudioVersion = 10.0.40219.1
Project("{FAE04EC0-301F-11D3-BF4B-00C04F79EFBC}") = "SORTEOUAZAR", "SORTEOUAZAR\SORTEOUAZAR.csproj", "{6DB9CF50-B2AB-435D-9691-3DA05123EC46}"
EndProject
Global
	GlobalSection(SolutionConfigurationPlatforms) = preSolution
		Debug|Any CPU = Debug|Any CPU
		Release|Any CPU = Release|Any CPU
	EndGlobalSection
	GlobalSection(ProjectConfigurationPlatforms) = postSolution
		{6DB9CF50-B2AB-435D-9691-3DA05123EC46}.Debug|Any CPU.ActiveCfg = Debug|Any CPU
		{6DB9CF50-B2AB-435D-9691-3DA05123EC46}.Debug|Any CPU.Build.0 = Debug|Any CPU
		{6DB9CF50-B2AB-435D-9691-3DA05123EC46}.Release|Any CPU.ActiveCfg = Release|Any CPU
		{6DB9CF50-B2AB-435D-9691-3DA05123EC46}.Release|Any CPU.Build.0 = Release|Any CPU
	EndGlobalSection
	GlobalSection(SolutionProperties) = preSolution
		HideSolutionNode = FALSE
	EndGlobalSection
	GlobalSection(ExtensibilityGlobals) = postSolution
		SolutionGuid = {3FA3DAF5-0378-4A5D-B647-D209FBD24AD7}
	EndGlobalSection
EndGlobal
